{
  "name": "habit-wish-app",
  "version": "1.0.0",
  "lockfileVersion": 3,
  "requires": true,
  "packages": {
    "": {
      "name": "habit-wish-app",
      "version": "1.0.0",
      "license": "ISC",
      "dependencies": {
        "@dcloudio/types": "^3.4.29",
        "@dcloudio/uni-app": "^2.0.2-4080720251210002",
        "@dcloudio/uni-helper-json": "^1.0.13",
        "@dcloudio/uni-ui": "^1.5.11",
        "@vue/composition-api": "^1.7.2",
        "pinia": "^2.3.1"
      }
    },
    "node_modules/@dcloudio/types": {
      "version": "3.4.29",
      "resolved": "https://registry.npmmirror.com/@dcloudio/types/-/types-3.4.29.tgz",
      "integrity": "sha512-7uBInqqYLoLmQMqlzW4FsYCEHTUgTkrtZVsFGgQnJT7ZCA12U9y0ovrqAM1ZWkLruHYfOS7xIqO77Who6UBLJg==",
      "license": "Apache-2.0"
    },
    "node_modules/@dcloudio/uni-app": {
      "version": "2.0.2-4080720251210002",
      "resolved": "https://registry.npmmirror.com/@dcloudio/uni-app/-/uni-app-2.0.2-4080720251210002.tgz",
      "integrity": "sha512-FUw/bJJwBPl/scKBog21wusICrU9T4TFwyKKVbtNbWIO98IBzjRIin0mmwzhqHNL1kZO0LbwnoRe7LtusW8LQw==",
      "license": "Apache-2.0",
      "peerDependencies": {
        "@dcloudio/types": "^3.0.15",
        "@vue/composition-api": "^1.7.0"
      }
    },
    "node_modules/@dcloudio/uni-helper-json": {
      "version": "1.0.13",
      "resolved": "https://registry.npmmirror.com/@dcloudio/uni-helper-json/-/uni-helper-json-1.0.13.tgz",
      "integrity": "sha512-FO9Iu4zW4td3Tr+eiCDWuele2ehkJ4qxQ/UhpAMLjso+ZdWz6NagK5Syh6cdy1hoDqbxpNoqnLynuJXe81Ereg==",
      "license": "Apache-2.0"
    },
    "node_modules/@dcloudio/uni-ui": {
      "version": "1.5.11",
      "resolved": "https://registry.npmmirror.com/@dcloudio/uni-ui/-/uni-ui-1.5.11.tgz",
      "integrity": "sha512-DBtk046ofmeFd82zRI7d89SoEwrAxYzUN3WVPm1DIBkpLPG5F5QDNkHMnZGu2wNrMEmGBjBpUh3vqEY1L3jaMw==",
      "license": "Apache-2.0"
    },
    "node_modules/@vue/composition-api": {
      "version": "1.7.2",
      "resolved": "https://registry.npmmirror.com/@vue/composition-api/-/composition-api-1.7.2.tgz",
      "integrity": "sha512-M8jm9J/laYrYT02665HkZ5l2fWTK4dcVg3BsDHm/pfz+MjDYwX+9FUaZyGwEyXEDonQYRCo0H7aLgdklcIELjw==",
      "license": "MIT",
      "peerDependencies": {
        "vue": ">= 2.5 < 2.7"
      }
    },
    "node_modules/@vue/devtools-api": {
      "version": "6.6.4",
      "resolved": "https://registry.npmmirror.com/@vue/devtools-api/-/devtools-api-6.6.4.tgz",
      "integrity": "sha512-sGhTPMuXqZ1rVOk32RylztWkfXTRhuS7vgAKv0zjqk8gbsHkJ7xfFf+jbySxt7tWObEJwyKaHMikV/WGDiQm8g==",
      "license": "MIT"
    },
    "node_modules/pinia": {
      "version": "2.3.1",
      "resolved": "https://registry.npmmirror.com/pinia/-/pinia-2.3.1.tgz",
      "integrity": "sha512-khUlZSwt9xXCaTbbxFYBKDc/bWAGWJjOgvxETwkTN7KRm66EeT1ZdZj6i2ceh9sP2Pzqsbc704r2yngBrxBVug==",
      "license": "MIT",
      "dependencies": {
        "@vue/devtools-api": "^6.6.3",
        "vue-demi": "^0.14.10"
      },
      "funding": {
        "url": "https://github.com/sponsors/posva"
      },
      "peerDependencies": {
        "typescript": ">=4.4.4",
        "vue": "^2.7.0 || ^3.5.11"
      },
      "peerDependenciesMeta": {
        "typescript": {
          "optional": true
        }
      }
    },
    "node_modules/vue-demi": {
      "version": "0.14.10",
      "resolved": "https://registry.npmmirror.com/vue-demi/-/vue-demi-0.14.10.tgz",
      "integrity": "sha512-nMZBOwuzabUO0nLgIcc6rycZEebF6eeUfaiQx9+WSk8e29IbLvPU9feI6tqW4kTo3hvoYAJkMh8n8D0fuISphg==",
      "hasInstallScript": true,
      "license": "MIT",
      "bin": {
        "vue-demi-fix": "bin/vue-demi-fix.js",
        "vue-demi-switch": "bin/vue-demi-switch.js"
      },
      "engines": {
        "node": ">=12"
      },
      "funding": {
        "url": "https://github.com/sponsors/antfu"
      },
      "peerDependencies": {
        "@vue/composition-api": "^1.0.0-rc.1",
        "vue": "^3.0.0-0 || ^2.6.0"
      },
      "peerDependenciesMeta": {
        "@vue/composition-api": {
          "optional": true
        }
      }
    }
  }
}
